
Microsoft Visual Studio Solution File, Format Version 12.00
# Visual Studio Version 17
VisualStudioVersion = 17.6.33712.159
MinimumVisualStudioVersion = 10.0.40219.1
Project("{FAE04EC0-301F-11D3-BF4B-00C04F79EFBC}") = "cue_and_guess", "cue_and_guess.csproj", "{45590D19-E783-432A-A456-F644A88144E6}"
EndProject
Global
	GlobalSection(SolutionConfigurationPlatforms) = preSolution
		Debug|Any CPU = Debug|Any CPU
		Release|Any CPU = Release|Any CPU
	EndGlobalSection
	GlobalSection(ProjectConfigurationPlatforms) = postSolution
		{45590D19-E783-432A-A456-F644A88144E6}.Debug|Any CPU.ActiveCfg = Debug|Any CPU
		{45590D19-E783-432A-A456-F644A88144E6}.Debug|Any CPU.Build.0 = Debug|Any CPU
		{45590D19-E783-432A-A456-F644A88144E6}.Release|Any CPU.ActiveCfg = Release|Any CPU
		{45590D19-E783-432A-A456-F644A88144E6}.Release|Any CPU.Build.0 = Release|Any CPU
	EndGlobalSection
	GlobalSection(SolutionProperties) = preSolution
		HideSolutionNode = FALSE
	EndGlobalSection
	GlobalSection(ExtensibilityGlobals) = postSolution
		SolutionGuid = {FD993EDD-629E-4CB5-8430-B1C5997BC654}
	EndGlobalSection
EndGlobal
