
Microsoft Visual Studio Solution File, Format Version 12.00
# Visual Studio Version 17
VisualStudioVersion = 17.7.34221.43
MinimumVisualStudioVersion = 10.0.40219.1
Project("{FAE04EC0-301F-11D3-BF4B-00C04F79EFBC}") = "cue_and_guess_server", "cue_and_guess_server\cue_and_guess_server.csproj", "{0069E453-4E29-48B6-BBE4-88D3D12197C0}"
EndProject
Global
	GlobalSection(SolutionConfigurationPlatforms) = preSolution
		Debug|Any CPU = Debug|Any CPU
		Release|Any CPU = Release|Any CPU
	EndGlobalSection
	GlobalSection(ProjectConfigurationPlatforms) = postSolution
		{0069E453-4E29-48B6-BBE4-88D3D12197C0}.Debug|Any CPU.ActiveCfg = Debug|Any CPU
		{0069E453-4E29-48B6-BBE4-88D3D12197C0}.Debug|Any CPU.Build.0 = Debug|Any CPU
		{0069E453-4E29-48B6-BBE4-88D3D12197C0}.Release|Any CPU.ActiveCfg = Release|Any CPU
		{0069E453-4E29-48B6-BBE4-88D3D12197C0}.Release|Any CPU.Build.0 = Release|Any CPU
	EndGlobalSection
	GlobalSection(SolutionProperties) = preSolution
		HideSolutionNode = FALSE
	EndGlobalSection
	GlobalSection(ExtensibilityGlobals) = postSolution
		SolutionGuid = {68D0262D-8F43-4DE5-AFBE-4F1FD5B9726E}
	EndGlobalSection
EndGlobal
